
Microsoft Visual Studio Solution File, Format Version 12.00
# Visual Studio 14
VisualStudioVersion = 14.0.25123.0
MinimumVisualStudioVersion = 10.0.40219.1
Project("{FAE04EC0-301F-11D3-BF4B-00C04F79EFBC}") = "Petrolhead (Windows 10)", "Petrolhead.UWP\Petrolhead (Windows 10).csproj", "{68B7BD4B-ABB7-45E3-8DE1-93EAA83658D4}"
EndProject
Project("{FAE04EC0-301F-11D3-BF4B-00C04F79EFBC}") = "Petrolhead (Core)", "Petrolhead.PCL\Petrolhead (Core).csproj", "{97CC9CB4-025D-4E81-A8B7-8BCBE7C9D8B7}"
EndProject
Project("{2150E333-8FDC-42A3-9474-1A3956D46DE8}") = "Libraries", "Libraries", "{B5DDCD68-D6F1-4313-9EBE-0A6CC725E364}"
EndProject
Project("{2150E333-8FDC-42A3-9474-1A3956D46DE8}") = "PCL", "PCL", "{EBE434C7-A8FD-4F54-B413-12E18C5293FF}"
EndProject
Project("{2150E333-8FDC-42A3-9474-1A3956D46DE8}") = "Azure Backend", "Azure Backend", "{10FDE012-4D51-4E9B-8D94-2FC655F32F8A}"
EndProject
Project("{2150E333-8FDC-42A3-9474-1A3956D46DE8}") = "Clients", "Clients", "{DAB6B92C-6052-47E6-98CC-868CCF9E385E}"
EndProject
Project("{FAE04EC0-301F-11D3-BF4B-00C04F79EFBC}") = "Petrolhead.Android", "Petrolhead.Droid\Petrolhead.Android.csproj", "{EC50B142-3051-4D03-A503-DC54FBF91FE9}"
EndProject
Project("{2150E333-8FDC-42A3-9474-1A3956D46DE8}") = "Core", "Core", "{BA2CBC3D-CE72-4689-8C39-B4A745829E9D}"
EndProject
Project("{2150E333-8FDC-42A3-9474-1A3956D46DE8}") = "Client Libraries", "Client Libraries", "{C2147538-B61E-4827-BDC5-1B9580D2C4FE}"
EndProject
Project("{FAE04EC0-301F-11D3-BF4B-00C04F79EFBC}") = "Petrolhead.Backend", "Petrolhead.Backend\Petrolhead.Backend.csproj", "{85FB8D07-CDCC-4EFC-9F3F-0CB996012978}"
EndProject
Project("{2150E333-8FDC-42A3-9474-1A3956D46DE8}") = "UWP", "UWP", "{3B46673A-4E05-4BB5-B7E3-CF49B3FC31C4}"
EndProject
Project("{FAE04EC0-301F-11D3-BF4B-00C04F79EFBC}") = "Petrolhead (Sync Manager)", "Petrolhead.UWP.SyncBackgroundTask\Petrolhead (Sync Manager).csproj", "{336C18F9-7FB1-4145-BB7C-5B542A56E42D}"
EndProject
Global
	GlobalSection(SolutionConfigurationPlatforms) = preSolution
		Debug|Any CPU = Debug|Any CPU
		Debug|ARM = Debug|ARM
		Debug|x64 = Debug|x64
		Debug|x86 = Debug|x86
		Release|Any CPU = Release|Any CPU
		Release|ARM = Release|ARM
		Release|x64 = Release|x64
		Release|x86 = Release|x86
	EndGlobalSection
	GlobalSection(ProjectConfigurationPlatforms) = postSolution
		{68B7BD4B-ABB7-45E3-8DE1-93EAA83658D4}.Debug|Any CPU.ActiveCfg = Debug|x86
		{68B7BD4B-ABB7-45E3-8DE1-93EAA83658D4}.Debug|ARM.ActiveCfg = Debug|ARM
		{68B7BD4B-ABB7-45E3-8DE1-93EAA83658D4}.Debug|ARM.Build.0 = Debug|ARM
		{68B7BD4B-ABB7-45E3-8DE1-93EAA83658D4}.Debug|ARM.Deploy.0 = Debug|ARM
		{68B7BD4B-ABB7-45E3-8DE1-93EAA83658D4}.Debug|x64.ActiveCfg = Debug|x64
		{68B7BD4B-ABB7-45E3-8DE1-93EAA83658D4}.Debug|x64.Build.0 = Debug|x64
		{68B7BD4B-ABB7-45E3-8DE1-93EAA83658D4}.Debug|x64.Deploy.0 = Debug|x64
		{68B7BD4B-ABB7-45E3-8DE1-93EAA83658D4}.Debug|x86.ActiveCfg = Debug|x86
		{68B7BD4B-ABB7-45E3-8DE1-93EAA83658D4}.Debug|x86.Build.0 = Debug|x86
		{68B7BD4B-ABB7-45E3-8DE1-93EAA83658D4}.Debug|x86.Deploy.0 = Debug|x86
		{68B7BD4B-ABB7-45E3-8DE1-93EAA83658D4}.Release|Any CPU.ActiveCfg = Release|x86
		{68B7BD4B-ABB7-45E3-8DE1-93EAA83658D4}.Release|ARM.ActiveCfg = Release|ARM
		{68B7BD4B-ABB7-45E3-8DE1-93EAA83658D4}.Release|ARM.Build.0 = Release|ARM
		{68B7BD4B-ABB7-45E3-8DE1-93EAA83658D4}.Release|ARM.Deploy.0 = Release|ARM
		{68B7BD4B-ABB7-45E3-8DE1-93EAA83658D4}.Release|x64.ActiveCfg = Release|x64
		{68B7BD4B-ABB7-45E3-8DE1-93EAA83658D4}.Release|x64.Build.0 = Release|x64
		{68B7BD4B-ABB7-45E3-8DE1-93EAA83658D4}.Release|x64.Deploy.0 = Release|x64
		{68B7BD4B-ABB7-45E3-8DE1-93EAA83658D4}.Release|x86.ActiveCfg = Release|x86
		{68B7BD4B-ABB7-45E3-8DE1-93EAA83658D4}.Release|x86.Build.0 = Release|x86
		{68B7BD4B-ABB7-45E3-8DE1-93EAA83658D4}.Release|x86.Deploy.0 = Release|x86
		{97CC9CB4-025D-4E81-A8B7-8BCBE7C9D8B7}.Debug|Any CPU.ActiveCfg = Debug|Any CPU
		{97CC9CB4-025D-4E81-A8B7-8BCBE7C9D8B7}.Debug|Any CPU.Build.0 = Debug|Any CPU
		{97CC9CB4-025D-4E81-A8B7-8BCBE7C9D8B7}.Debug|ARM.ActiveCfg = Debug|Any CPU
		{97CC9CB4-025D-4E81-A8B7-8BCBE7C9D8B7}.Debug|ARM.Build.0 = Debug|Any CPU
		{97CC9CB4-025D-4E81-A8B7-8BCBE7C9D8B7}.Debug|x64.ActiveCfg = Debug|Any CPU
		{97CC9CB4-025D-4E81-A8B7-8BCBE7C9D8B7}.Debug|x64.Build.0 = Debug|Any CPU
		{97CC9CB4-025D-4E81-A8B7-8BCBE7C9D8B7}.Debug|x86.ActiveCfg = Debug|Any CPU
		{97CC9CB4-025D-4E81-A8B7-8BCBE7C9D8B7}.Debug|x86.Build.0 = Debug|Any CPU
		{97CC9CB4-025D-4E81-A8B7-8BCBE7C9D8B7}.Release|Any CPU.ActiveCfg = Release|Any CPU
		{97CC9CB4-025D-4E81-A8B7-8BCBE7C9D8B7}.Release|Any CPU.Build.0 = Release|Any CPU
		{97CC9CB4-025D-4E81-A8B7-8BCBE7C9D8B7}.Release|ARM.ActiveCfg = Release|Any CPU
		{97CC9CB4-025D-4E81-A8B7-8BCBE7C9D8B7}.Release|ARM.Build.0 = Release|Any CPU
		{97CC9CB4-025D-4E81-A8B7-8BCBE7C9D8B7}.Release|x64.ActiveCfg = Release|Any CPU
		{97CC9CB4-025D-4E81-A8B7-8BCBE7C9D8B7}.Release|x64.Build.0 = Release|Any CPU
		{97CC9CB4-025D-4E81-A8B7-8BCBE7C9D8B7}.Release|x86.ActiveCfg = Release|Any CPU
		{97CC9CB4-025D-4E81-A8B7-8BCBE7C9D8B7}.Release|x86.Build.0 = Release|Any CPU
		{EC50B142-3051-4D03-A503-DC54FBF91FE9}.Debug|Any CPU.ActiveCfg = Debug|Any CPU
		{EC50B142-3051-4D03-A503-DC54FBF91FE9}.Debug|Any CPU.Build.0 = Debug|Any CPU
		{EC50B142-3051-4D03-A503-DC54FBF91FE9}.Debug|Any CPU.Deploy.0 = Debug|Any CPU
		{EC50B142-3051-4D03-A503-DC54FBF91FE9}.Debug|ARM.ActiveCfg = Debug|Any CPU
		{EC50B142-3051-4D03-A503-DC54FBF91FE9}.Debug|ARM.Build.0 = Debug|Any CPU
		{EC50B142-3051-4D03-A503-DC54FBF91FE9}.Debug|ARM.Deploy.0 = Debug|Any CPU
		{EC50B142-3051-4D03-A503-DC54FBF91FE9}.Debug|x64.ActiveCfg = Debug|Any CPU
		{EC50B142-3051-4D03-A503-DC54FBF91FE9}.Debug|x64.Build.0 = Debug|Any CPU
		{EC50B142-3051-4D03-A503-DC54FBF91FE9}.Debug|x64.Deploy.0 = Debug|Any CPU
		{EC50B142-3051-4D03-A503-DC54FBF91FE9}.Debug|x86.ActiveCfg = Debug|Any CPU
		{EC50B142-3051-4D03-A503-DC54FBF91FE9}.Debug|x86.Build.0 = Debug|Any CPU
		{EC50B142-3051-4D03-A503-DC54FBF91FE9}.Debug|x86.Deploy.0 = Debug|Any CPU
		{EC50B142-3051-4D03-A503-DC54FBF91FE9}.Release|Any CPU.ActiveCfg = Release|Any CPU
		{EC50B142-3051-4D03-A503-DC54FBF91FE9}.Release|Any CPU.Build.0 = Release|Any CPU
		{EC50B142-3051-4D03-A503-DC54FBF91FE9}.Release|Any CPU.Deploy.0 = Release|Any CPU
		{EC50B142-3051-4D03-A503-DC54FBF91FE9}.Release|ARM.ActiveCfg = Release|Any CPU
		{EC50B142-3051-4D03-A503-DC54FBF91FE9}.Release|ARM.Build.0 = Release|Any CPU
		{EC50B142-3051-4D03-A503-DC54FBF91FE9}.Release|ARM.Deploy.0 = Release|Any CPU
		{EC50B142-3051-4D03-A503-DC54FBF91FE9}.Release|x64.ActiveCfg = Release|Any CPU
		{EC50B142-3051-4D03-A503-DC54FBF91FE9}.Release|x64.Build.0 = Release|Any CPU
		{EC50B142-3051-4D03-A503-DC54FBF91FE9}.Release|x64.Deploy.0 = Release|Any CPU
		{EC50B142-3051-4D03-A503-DC54FBF91FE9}.Release|x86.ActiveCfg = Release|Any CPU
		{EC50B142-3051-4D03-A503-DC54FBF91FE9}.Release|x86.Build.0 = Release|Any CPU
		{EC50B142-3051-4D03-A503-DC54FBF91FE9}.Release|x86.Deploy.0 = Release|Any CPU
		{85FB8D07-CDCC-4EFC-9F3F-0CB996012978}.Debug|Any CPU.ActiveCfg = Debug|Any CPU
		{85FB8D07-CDCC-4EFC-9F3F-0CB996012978}.Debug|Any CPU.Build.0 = Debug|Any CPU
		{85FB8D07-CDCC-4EFC-9F3F-0CB996012978}.Debug|ARM.ActiveCfg = Debug|Any CPU
		{85FB8D07-CDCC-4EFC-9F3F-0CB996012978}.Debug|ARM.Build.0 = Debug|Any CPU
		{85FB8D07-CDCC-4EFC-9F3F-0CB996012978}.Debug|x64.ActiveCfg = Debug|Any CPU
		{85FB8D07-CDCC-4EFC-9F3F-0CB996012978}.Debug|x64.Build.0 = Debug|Any CPU
		{85FB8D07-CDCC-4EFC-9F3F-0CB996012978}.Debug|x86.ActiveCfg = Debug|Any CPU
		{85FB8D07-CDCC-4EFC-9F3F-0CB996012978}.Debug|x86.Build.0 = Debug|Any CPU
		{85FB8D07-CDCC-4EFC-9F3F-0CB996012978}.Release|Any CPU.ActiveCfg = Release|Any CPU
		{85FB8D07-CDCC-4EFC-9F3F-0CB996012978}.Release|Any CPU.Build.0 = Release|Any CPU
		{85FB8D07-CDCC-4EFC-9F3F-0CB996012978}.Release|ARM.ActiveCfg = Release|Any CPU
		{85FB8D07-CDCC-4EFC-9F3F-0CB996012978}.Release|ARM.Build.0 = Release|Any CPU
		{85FB8D07-CDCC-4EFC-9F3F-0CB996012978}.Release|x64.ActiveCfg = Release|Any CPU
		{85FB8D07-CDCC-4EFC-9F3F-0CB996012978}.Release|x64.Build.0 = Release|Any CPU
		{85FB8D07-CDCC-4EFC-9F3F-0CB996012978}.Release|x86.ActiveCfg = Release|Any CPU
		{85FB8D07-CDCC-4EFC-9F3F-0CB996012978}.Release|x86.Build.0 = Release|Any CPU
		{336C18F9-7FB1-4145-BB7C-5B542A56E42D}.Debug|Any CPU.ActiveCfg = Debug|Any CPU
		{336C18F9-7FB1-4145-BB7C-5B542A56E42D}.Debug|Any CPU.Build.0 = Debug|Any CPU
		{336C18F9-7FB1-4145-BB7C-5B542A56E42D}.Debug|ARM.ActiveCfg = Debug|ARM
		{336C18F9-7FB1-4145-BB7C-5B542A56E42D}.Debug|ARM.Build.0 = Debug|ARM
		{336C18F9-7FB1-4145-BB7C-5B542A56E42D}.Debug|x64.ActiveCfg = Debug|x64
		{336C18F9-7FB1-4145-BB7C-5B542A56E42D}.Debug|x64.Build.0 = Debug|x64
		{336C18F9-7FB1-4145-BB7C-5B542A56E42D}.Debug|x86.ActiveCfg = Debug|x86
		{336C18F9-7FB1-4145-BB7C-5B542A56E42D}.Debug|x86.Build.0 = Debug|x86
		{336C18F9-7FB1-4145-BB7C-5B542A56E42D}.Release|Any CPU.ActiveCfg = Release|Any CPU
		{336C18F9-7FB1-4145-BB7C-5B542A56E42D}.Release|Any CPU.Build.0 = Release|Any CPU
		{336C18F9-7FB1-4145-BB7C-5B542A56E42D}.Release|ARM.ActiveCfg = Release|ARM
		{336C18F9-7FB1-4145-BB7C-5B542A56E42D}.Release|ARM.Build.0 = Release|ARM
		{336C18F9-7FB1-4145-BB7C-5B542A56E42D}.Release|x64.ActiveCfg = Release|x64
		{336C18F9-7FB1-4145-BB7C-5B542A56E42D}.Release|x64.Build.0 = Release|x64
		{336C18F9-7FB1-4145-BB7C-5B542A56E42D}.Release|x86.ActiveCfg = Release|x86
		{336C18F9-7FB1-4145-BB7C-5B542A56E42D}.Release|x86.Build.0 = Release|x86
	EndGlobalSection
	GlobalSection(SolutionProperties) = preSolution
		HideSolutionNode = FALSE
	EndGlobalSection
	GlobalSection(NestedProjects) = preSolution
		{68B7BD4B-ABB7-45E3-8DE1-93EAA83658D4} = {DAB6B92C-6052-47E6-98CC-868CCF9E385E}
		{97CC9CB4-025D-4E81-A8B7-8BCBE7C9D8B7} = {EBE434C7-A8FD-4F54-B413-12E18C5293FF}
		{EBE434C7-A8FD-4F54-B413-12E18C5293FF} = {BA2CBC3D-CE72-4689-8C39-B4A745829E9D}
		{10FDE012-4D51-4E9B-8D94-2FC655F32F8A} = {BA2CBC3D-CE72-4689-8C39-B4A745829E9D}
		{EC50B142-3051-4D03-A503-DC54FBF91FE9} = {DAB6B92C-6052-47E6-98CC-868CCF9E385E}
		{BA2CBC3D-CE72-4689-8C39-B4A745829E9D} = {B5DDCD68-D6F1-4313-9EBE-0A6CC725E364}
		{C2147538-B61E-4827-BDC5-1B9580D2C4FE} = {B5DDCD68-D6F1-4313-9EBE-0A6CC725E364}
		{85FB8D07-CDCC-4EFC-9F3F-0CB996012978} = {10FDE012-4D51-4E9B-8D94-2FC655F32F8A}
		{3B46673A-4E05-4BB5-B7E3-CF49B3FC31C4} = {C2147538-B61E-4827-BDC5-1B9580D2C4FE}
		{336C18F9-7FB1-4145-BB7C-5B542A56E42D} = {3B46673A-4E05-4BB5-B7E3-CF49B3FC31C4}
	EndGlobalSection
EndGlobal
